
Microsoft Visual Studio Solution File, Format Version 12.00
# Visual Studio 15
VisualStudioVersion = 15.0.28307.329
MinimumVisualStudioVersion = 10.0.40219.1
Project("{FAE04EC0-301F-11D3-BF4B-00C04F79EFBC}") = "Task 2", "Task 2\Task 2.csproj", "{BCE5E673-A1E9-4876-9056-78CD76AAB84A}"
EndProject
Global
	GlobalSection(SolutionConfigurationPlatforms) = preSolution
		Debug|Any CPU = Debug|Any CPU
		Release|Any CPU = Release|Any CPU
	EndGlobalSection
	GlobalSection(ProjectConfigurationPlatforms) = postSolution
		{BCE5E673-A1E9-4876-9056-78CD76AAB84A}.Debug|Any CPU.ActiveCfg = Debug|Any CPU
		{BCE5E673-A1E9-4876-9056-78CD76AAB84A}.Debug|Any CPU.Build.0 = Debug|Any CPU
		{BCE5E673-A1E9-4876-9056-78CD76AAB84A}.Release|Any CPU.ActiveCfg = Release|Any CPU
		{BCE5E673-A1E9-4876-9056-78CD76AAB84A}.Release|Any CPU.Build.0 = Release|Any CPU
	EndGlobalSection
	GlobalSection(SolutionProperties) = preSolution
		HideSolutionNode = FALSE
	EndGlobalSection
	GlobalSection(ExtensibilityGlobals) = postSolution
		SolutionGuid = {7C632815-C473-4940-8B21-658CA3395BE1}
	EndGlobalSection
EndGlobal
