
Microsoft Visual Studio Solution File, Format Version 12.00
# Visual Studio 15
VisualStudioVersion = 15.0.28307.329
MinimumVisualStudioVersion = 10.0.40219.1
Project("{FAE04EC0-301F-11D3-BF4B-00C04F79EFBC}") = "Calca", "Calca\Calca.csproj", "{C93F0EDE-C4A4-4851-A591-A42BAF3A660E}"
EndProject
Global
	GlobalSection(SolutionConfigurationPlatforms) = preSolution
		Debug|Any CPU = Debug|Any CPU
		Release|Any CPU = Release|Any CPU
	EndGlobalSection
	GlobalSection(ProjectConfigurationPlatforms) = postSolution
		{C93F0EDE-C4A4-4851-A591-A42BAF3A660E}.Debug|Any CPU.ActiveCfg = Debug|Any CPU
		{C93F0EDE-C4A4-4851-A591-A42BAF3A660E}.Debug|Any CPU.Build.0 = Debug|Any CPU
		{C93F0EDE-C4A4-4851-A591-A42BAF3A660E}.Release|Any CPU.ActiveCfg = Release|Any CPU
		{C93F0EDE-C4A4-4851-A591-A42BAF3A660E}.Release|Any CPU.Build.0 = Release|Any CPU
	EndGlobalSection
	GlobalSection(SolutionProperties) = preSolution
		HideSolutionNode = FALSE
	EndGlobalSection
	GlobalSection(ExtensibilityGlobals) = postSolution
		SolutionGuid = {AC04DF26-18F1-44A0-A4DD-C638E6923EB4}
	EndGlobalSection
EndGlobal
